
Microsoft Visual Studio Solution File, Format Version 12.00
# Visual Studio Version 17
VisualStudioVersion = 17.5.33530.505
MinimumVisualStudioVersion = 10.0.40219.1
Project("{FAE04EC0-301F-11D3-BF4B-00C04F79EFBC}") = "MyShopNet7", "MyShopNet7\MyShopNet7.csproj", "{C659D6EE-FE8D-4D5D-92BD-A7929085F9C1}"
EndProject
Global
	GlobalSection(SolutionConfigurationPlatforms) = preSolution
		Debug|Any CPU = Debug|Any CPU
		Release|Any CPU = Release|Any CPU
	EndGlobalSection
	GlobalSection(ProjectConfigurationPlatforms) = postSolution
		{C659D6EE-FE8D-4D5D-92BD-A7929085F9C1}.Debug|Any CPU.ActiveCfg = Debug|Any CPU
		{C659D6EE-FE8D-4D5D-92BD-A7929085F9C1}.Debug|Any CPU.Build.0 = Debug|Any CPU
		{C659D6EE-FE8D-4D5D-92BD-A7929085F9C1}.Release|Any CPU.ActiveCfg = Release|Any CPU
		{C659D6EE-FE8D-4D5D-92BD-A7929085F9C1}.Release|Any CPU.Build.0 = Release|Any CPU
	EndGlobalSection
	GlobalSection(SolutionProperties) = preSolution
		HideSolutionNode = FALSE
	EndGlobalSection
	GlobalSection(ExtensibilityGlobals) = postSolution
		SolutionGuid = {46CFCE09-6CC5-4D03-AF93-F3CF831D8A11}
	EndGlobalSection
EndGlobal
